schema: '2.0'
stages:
  prepare:
    cmd: python labs/src/preprocessing.py
    deps:
    - path: labs/data/mobile_price/test.csv
      hash: md5
      md5: 384ff19e433fbc285372ebfb43447d1c
      size: 63850
    - path: labs/data/mobile_price/train.csv
      hash: md5
      md5: e8c4560161dc3c8571b5b2db25be3294
      size: 122403
    - path: labs/src/preprocessing.py
      hash: md5
      md5: 3fdb03bc9928c9fdd966d3ccc7588384
      size: 598
    outs:
    - path: labs/data/processed_test_data.csv
      hash: md5
      md5: b56c0cc79fa3744e78032dc4b49c93fe
      size: 18253
    - path: labs/data/processed_train_data.csv
      hash: md5
      md5: dee176dce3141896ad16c6d8e72cb318
      size: 40576
